// !$*UTF8*$!
{
	archiveVersion = 1;
	classes = {
	};
	objectVersion = 50;
	objects = {

/* Begin PBXBuildFile section */
		F36A1F3222AE32EA0047D3AD /* AppDelegate.m in Sources */ = {isa = PBXBuildFile; fileRef = F36A1F3122AE32EA0047D3AD /* AppDelegate.m */; };
		F36A1F3522AE32EA0047D3AD /* ViewController.m in Sources */ = {isa = PBXBuildFile; fileRef = F36A1F3422AE32EA0047D3AD /* ViewController.m */; };
		F36A1F3822AE32EA0047D3AD /* Main.storyboard in Resources */ = {isa = PBXBuildFile; fileRef = F36A1F3622AE32EA0047D3AD /* Main.storyboard */; };
		F36A1F3A22AE32EB0047D3AD /* Assets.xcassets in Resources */ = {isa = PBXBuildFile; fileRef = F36A1F3922AE32EB0047D3AD /* Assets.xcassets */; };
		F36A1F3D22AE32EB0047D3AD /* LaunchScreen.storyboard in Resources */ = {isa = PBXBuildFile; fileRef = F36A1F3B22AE32EB0047D3AD /* LaunchScreen.storyboard */; };
		F36A1F4022AE32EB0047D3AD /* main.m in Sources */ = {isa = PBXBuildFile; fileRef = F36A1F3F22AE32EB0047D3AD /* main.m */; };
		F36A1F4A22AE32EB0047D3AD /* interfaceDemoTests.m in Sources */ = {isa = PBXBuildFile; fileRef = F36A1F4922AE32EB0047D3AD /* interfaceDemoTests.m */; };
		F36A1F5522AE32EB0047D3AD /* interfaceDemoUITests.m in Sources */ = {isa = PBXBuildFile; fileRef = F36A1F5422AE32EB0047D3AD /* interfaceDemoUITests.m */; };
		F36A1F6322AE33240047D3AD /* interfaceView.m in Sources */ = {isa = PBXBuildFile; fileRef = F36A1F6222AE33240047D3AD /* interfaceView.m */; };
		F36A1F6722AE335E0047D3AD /* interfaceModel.m in Sources */ = {isa = PBXBuildFile; fileRef = F36A1F6622AE335E0047D3AD /* interfaceModel.m */; };
		F36A1F6E22AE35120047D3AD /* data.json in Resources */ = {isa = PBXBuildFile; fileRef = F36A1F6D22AE35120047D3AD /* data.json */; };
/* End PBXBuildFile section */

/* Begin PBXContainerItemProxy section */
		F36A1F4622AE32EB0047D3AD /* PBXContainerItemProxy */ = {
			isa = PBXContainerItemProxy;
			containerPortal = F36A1F2522AE32EA0047D3AD /* Project object */;
			proxyType = 1;
			remoteGlobalIDString = F36A1F2C22AE32EA0047D3AD;
			remoteInfo = interfaceDemo;
		};
		F36A1F5122AE32EB0047D3AD /* PBXContainerItemProxy */ = {
			isa = PBXContainerItemProxy;
			containerPortal = F36A1F2522AE32EA0047D3AD /* Project object */;
			proxyType = 1;
			remoteGlobalIDString = F36A1F2C22AE32EA0047D3AD;
			remoteInfo = interfaceDemo;
		};
/* End PBXContainerItemProxy section */

/* Begin PBXFileReference section */
		F36A1F2D22AE32EA0047D3AD /* interfaceDemo.app */ = {isa = PBXFileReference; explicitFileType = wrapper.application; includeInIndex = 0; path = interfaceDemo.app; sourceTree = BUILT_PRODUCTS_DIR; };
		F36A1F3022AE32EA0047D3AD /* AppDelegate.h */ = {isa = PBXFileReference; lastKnownFileType = sourcecode.c.h; path = AppDelegate.h; sourceTree = "<group>"; };
		F36A1F3122AE32EA0047D3AD /* AppDelegate.m */ = {isa = PBXFileReference; lastKnownFileType = sourcecode.c.objc; path = AppDelegate.m; sourceTree = "<group>"; };
		F36A1F3322AE32EA0047D3AD /* ViewController.h */ = {isa = PBXFileReference; lastKnownFileType = sourcecode.c.h; path = ViewController.h; sourceTree = "<group>"; };
		F36A1F3422AE32EA0047D3AD /* ViewController.m */ = {isa = PBXFileReference; lastKnownFileType = sourcecode.c.objc; path = ViewController.m; sourceTree = "<group>"; };
		F36A1F3722AE32EA0047D3AD /* Base */ = {isa = PBXFileReference; lastKnownFileType = file.storyboard; name = Base; path = Base.lproj/Main.storyboard; sourceTree = "<group>"; };
		F36A1F3922AE32EB0047D3AD /* Assets.xcassets */ = {isa = PBXFileReference; lastKnownFileType = folder.assetcatalog; path = Assets.xcassets; sourceTree = "<group>"; };
		F36A1F3C22AE32EB0047D3AD /* Base */ = {isa = PBXFileReference; lastKnownFileType = file.storyboard; name = Base; path = Base.lproj/LaunchScreen.storyboard; sourceTree = "<group>"; };
		F36A1F3E22AE32EB0047D3AD /* Info.plist */ = {isa = PBXFileReference; lastKnownFileType = text.plist.xml; path = Info.plist; sourceTree = "<group>"; };
		F36A1F3F22AE32EB0047D3AD /* main.m */ = {isa = PBXFileReference; lastKnownFileType = sourcecode.c.objc; path = main.m; sourceTree = "<group>"; };
		F36A1F4522AE32EB0047D3AD /* interfaceDemoTests.xctest */ = {isa = PBXFileReference; explicitFileType = wrapper.cfbundle; includeInIndex = 0; path = interfaceDemoTests.xctest; sourceTree = BUILT_PRODUCTS_DIR; };
		F36A1F4922AE32EB0047D3AD /* interfaceDemoTests.m */ = {isa = PBXFileReference; lastKnownFileType = sourcecode.c.objc; path = interfaceDemoTests.m; sourceTree = "<group>"; };
		F36A1F4B22AE32EB0047D3AD /* Info.plist */ = {isa = PBXFileReference; lastKnownFileType = text.plist.xml; path = Info.plist; sourceTree = "<group>"; };
		F36A1F5022AE32EB0047D3AD /* interfaceDemoUITests.xctest */ = {isa = PBXFileReference; explicitFileType = wrapper.cfbundle; includeInIndex = 0; path = interfaceDemoUITests.xctest; sourceTree = BUILT_PRODUCTS_DIR; };
		F36A1F5422AE32EB0047D3AD /* interfaceDemoUITests.m */ = {isa = PBXFileReference; lastKnownFileType = sourcecode.c.objc; path = interfaceDemoUITests.m; sourceTree = "<group>"; };
		F36A1F5622AE32EB0047D3AD /* Info.plist */ = {isa = PBXFileReference; lastKnownFileType = text.plist.xml; path = Info.plist; sourceTree = "<group>"; };
		F36A1F6222AE33240047D3AD /* interfaceView.m */ = {isa = PBXFileReference; lastKnownFileType = sourcecode.c.objc; path = interfaceView.m; sourceTree = "<group>"; };
		F36A1F6422AE33350047D3AD /* interfaceView.h */ = {isa = PBXFileReference; lastKnownFileType = sourcecode.c.h; path = interfaceView.h; sourceTree = "<group>"; };
		F36A1F6522AE33480047D3AD /* interfaceModel.h */ = {isa = PBXFileReference; lastKnownFileType = sourcecode.c.h; path = interfaceModel.h; sourceTree = "<group>"; };
		F36A1F6622AE335E0047D3AD /* interfaceModel.m */ = {isa = PBXFileReference; lastKnownFileType = sourcecode.c.objc; path = interfaceModel.m; sourceTree = "<group>"; };
		F36A1F6D22AE35120047D3AD /* data.json */ = {isa = PBXFileReference; lastKnownFileType = text.json; path = data.json; sourceTree = "<group>"; };
/* End PBXFileReference section */

/* Begin PBXFrameworksBuildPhase section */
		F36A1F2A22AE32EA0047D3AD /* Frameworks */ = {
			isa = PBXFrameworksBuildPhase;
			buildActionMask = 2147483647;
			files = (
			);
			runOnlyForDeploymentPostprocessing = 0;
		};
		F36A1F4222AE32EB0047D3AD /* Frameworks */ = {
			isa = PBXFrameworksBuildPhase;
			buildActionMask = 2147483647;
			files = (
			);
			runOnlyForDeploymentPostprocessing = 0;
		};
		F36A1F4D22AE32EB0047D3AD /* Frameworks */ = {
			isa = PBXFrameworksBuildPhase;
			buildActionMask = 2147483647;
			files = (
			);
			runOnlyForDeploymentPostprocessing = 0;
		};
/* End PBXFrameworksBuildPhase section */

/* Begin PBXGroup section */
		F36A1F2422AE32EA0047D3AD = {
			isa = PBXGroup;
			children = (
				F36A1F2F22AE32EA0047D3AD /* interfaceDemo */,
				F36A1F4822AE32EB0047D3AD /* interfaceDemoTests */,
				F36A1F5322AE32EB0047D3AD /* interfaceDemoUITests */,
				F36A1F2E22AE32EA0047D3AD /* Products */,
			);
			sourceTree = "<group>";
		};
		F36A1F2E22AE32EA0047D3AD /* Products */ = {
			isa = PBXGroup;
			children = (
				F36A1F2D22AE32EA0047D3AD /* interfaceDemo.app */,
				F36A1F4522AE32EB0047D3AD /* interfaceDemoTests.xctest */,
				F36A1F5022AE32EB0047D3AD /* interfaceDemoUITests.xctest */,
			);
			name = Products;
			sourceTree = "<group>";
		};
		F36A1F2F22AE32EA0047D3AD /* interfaceDemo */ = {
			isa = PBXGroup;
			children = (
				F36A1F3022AE32EA0047D3AD /* AppDelegate.h */,
				F36A1F3122AE32EA0047D3AD /* AppDelegate.m */,
				F36A1F6B22AE349B0047D3AD /* dataSource */,
				F36A1F6822AE33B50047D3AD /* viewController */,
				F36A1F6922AE33CA0047D3AD /* interfaceView */,
				F36A1F6A22AE33E40047D3AD /* interfaceModel */,
				F36A1F3622AE32EA0047D3AD /* Main.storyboard */,
				F36A1F3922AE32EB0047D3AD /* Assets.xcassets */,
				F36A1F3B22AE32EB0047D3AD /* LaunchScreen.storyboard */,
				F36A1F3E22AE32EB0047D3AD /* Info.plist */,
				F36A1F3F22AE32EB0047D3AD /* main.m */,
			);
			path = interfaceDemo;
			sourceTree = "<group>";
		};
		F36A1F4822AE32EB0047D3AD /* interfaceDemoTests */ = {
			isa = PBXGroup;
			children = (
				F36A1F4922AE32EB0047D3AD /* interfaceDemoTests.m */,
				F36A1F4B22AE32EB0047D3AD /* Info.plist */,
			);
			path = interfaceDemoTests;
			sourceTree = "<group>";
		};
		F36A1F5322AE32EB0047D3AD /* interfaceDemoUITests */ = {
			isa = PBXGroup;
			children = (
				F36A1F5422AE32EB0047D3AD /* interfaceDemoUITests.m */,
				F36A1F5622AE32EB0047D3AD /* Info.plist */,
			);
			path = interfaceDemoUITests;
			sourceTree = "<group>";
		};
		F36A1F6822AE33B50047D3AD /* viewController */ = {
			isa = PBXGroup;
			children = (
				F36A1F3322AE32EA0047D3AD /* ViewController.h */,
				F36A1F3422AE32EA0047D3AD /* ViewController.m */,
			);
			path = viewController;
			sourceTree = "<group>";
		};
		F36A1F6922AE33CA0047D3AD /* interfaceView */ = {
			isa = PBXGroup;
			children = (
				F36A1F6222AE33240047D3AD /* interfaceView.m */,
				F36A1F6422AE33350047D3AD /* interfaceView.h */,
			);
			path = interfaceView;
			sourceTree = "<group>";
		};
		F36A1F6A22AE33E40047D3AD /* interfaceModel */ = {
			isa = PBXGroup;
			children = (
				F36A1F6522AE33480047D3AD /* interfaceModel.h */,
				F36A1F6622AE335E0047D3AD /* interfaceModel.m */,
			);
			path = interfaceModel;
			sourceTree = "<group>";
		};
		F36A1F6B22AE349B0047D3AD /* dataSource */ = {
			isa = PBXGroup;
			children = (
				F36A1F6D22AE35120047D3AD /* data.json */,
			);
			path = dataSource;
			sourceTree = "<group>";
		};
/* End PBXGroup section */

/* Begin PBXNativeTarget section */
		F36A1F2C22AE32EA0047D3AD /* interfaceDemo */ = {
			isa = PBXNativeTarget;
			buildConfigurationList = F36A1F5922AE32EB0047D3AD /* Build configuration list for PBXNativeTarget "interfaceDemo" */;
			buildPhases = (
				F36A1F2922AE32EA0047D3AD /* Sources */,
				F36A1F2A22AE32EA0047D3AD /* Frameworks */,
				F36A1F2B22AE32EA0047D3AD /* Resources */,
			);
			buildRules = (
			);
			dependencies = (
			);
			name = interfaceDemo;
			productName = interfaceDemo;
			productReference = F36A1F2D22AE32EA0047D3AD /* interfaceDemo.app */;
			productType = "com.apple.product-type.application";
		};
		F36A1F4422AE32EB0047D3AD /* interfaceDemoTests */ = {
			isa = PBXNativeTarget;
			buildConfigurationList = F36A1F5C22AE32EB0047D3AD /* Build configuration list for PBXNativeTarget "interfaceDemoTests" */;
			buildPhases = (
				F36A1F4122AE32EB0047D3AD /* Sources */,
				F36A1F4222AE32EB0047D3AD /* Frameworks */,
				F36A1F4322AE32EB0047D3AD /* Resources */,
			);
			buildRules = (
			);
			dependencies = (
				F36A1F4722AE32EB0047D3AD /* PBXTargetDependency */,
			);
			name = interfaceDemoTests;
			productName = interfaceDemoTests;
			productReference = F36A1F4522AE32EB0047D3AD /* interfaceDemoTests.xctest */;
			productType = "com.apple.product-type.bundle.unit-test";
		};
		F36A1F4F22AE32EB0047D3AD /* interfaceDemoUITests */ = {
			isa = PBXNativeTarget;
			buildConfigurationList = F36A1F5F22AE32EB0047D3AD /* Build configuration list for PBXNativeTarget "interfaceDemoUITests" */;
			buildPhases = (
				F36A1F4C22AE32EB0047D3AD /* Sources */,
				F36A1F4D22AE32EB0047D3AD /* Frameworks */,
				F36A1F4E22AE32EB0047D3AD /* Resources */,
			);
			buildRules = (
			);
			dependencies = (
				F36A1F5222AE32EB0047D3AD /* PBXTargetDependency */,
			);
			name = interfaceDemoUITests;
			productName = interfaceDemoUITests;
			productReference = F36A1F5022AE32EB0047D3AD /* interfaceDemoUITests.xctest */;
			productType = "com.apple.product-type.bundle.ui-testing";
		};
/* End PBXNativeTarget section */

/* Begin PBXProject section */
		F36A1F2522AE32EA0047D3AD /* Project object */ = {
			isa = PBXProject;
			attributes = {
				LastUpgradeCheck = 1010;
				ORGANIZATIONNAME = CHUXIANWANG;
				TargetAttributes = {
					F36A1F2C22AE32EA0047D3AD = {
						CreatedOnToolsVersion = 10.1;
					};
					F36A1F4422AE32EB0047D3AD = {
						CreatedOnToolsVersion = 10.1;
						TestTargetID = F36A1F2C22AE32EA0047D3AD;
					};
					F36A1F4F22AE32EB0047D3AD = {
						CreatedOnToolsVersion = 10.1;
						TestTargetID = F36A1F2C22AE32EA0047D3AD;
					};
				};
			};
			buildConfigurationList = F36A1F2822AE32EA0047D3AD /* Build configuration list for PBXProject "interfaceDemo" */;
			compatibilityVersion = "Xcode 9.3";
			developmentRegion = en;
			hasScannedForEncodings = 0;
			knownRegions = (
				en,
				Base,
			);
			mainGroup = F36A1F2422AE32EA0047D3AD;
			productRefGroup = F36A1F2E22AE32EA0047D3AD /* Products */;
			projectDirPath = "";
			projectRoot = "";
			targets = (
				F36A1F2C22AE32EA0047D3AD /* interfaceDemo */,
				F36A1F4422AE32EB0047D3AD /* interfaceDemoTests */,
				F36A1F4F22AE32EB0047D3AD /* interfaceDemoUITests */,
			);
		};
/* End PBXProject section */

/* Begin PBXResourcesBuildPhase section */
		F36A1F2B22AE32EA0047D3AD /* Resources */ = {
			isa = PBXResourcesBuildPhase;
			buildActionMask = 2147483647;
			files = (
				F36A1F3D22AE32EB0047D3AD /* LaunchScreen.storyboard in Resources */,
				F36A1F3A22AE32EB0047D3AD /* Assets.xcassets in Resources */,
				F36A1F3822AE32EA0047D3AD /* Main.storyboard in Resources */,
				F36A1F6E22AE35120047D3AD /* data.json in Resources */,
			);
			runOnlyForDeploymentPostprocessing = 0;
		};
		F36A1F4322AE32EB0047D3AD /* Resources */ = {
			isa = PBXResourcesBuildPhase;
			buildActionMask = 2147483647;
			files = (
			);
			runOnlyForDeploymentPostprocessing = 0;
		};
		F36A1F4E22AE32EB0047D3AD /* Resources */ = {
			isa = PBXResourcesBuildPhase;
			buildActionMask = 2147483647;
			files = (
			);
			runOnlyForDeploymentPostprocessing = 0;
		};
/* End PBXResourcesBuildPhase section */

/* Begin PBXSourcesBuildPhase section */
		F36A1F2922AE32EA0047D3AD /* Sources */ = {
			isa = PBXSourcesBuildPhase;
			buildActionMask = 2147483647;
			files = (
				F36A1F3522AE32EA0047D3AD /* ViewController.m in Sources */,
				F36A1F6722AE335E0047D3AD /* interfaceModel.m in Sources */,
				F36A1F4022AE32EB0047D3AD /* main.m in Sources */,
				F36A1F6322AE33240047D3AD /* interfaceView.m in Sources */,
				F36A1F3222AE32EA0047D3AD /* AppDelegate.m in Sources */,
			);
			runOnlyForDeploymentPostprocessing = 0;
		};
		F36A1F4122AE32EB0047D3AD /* Sources */ = {
			isa = PBXSourcesBuildPhase;
			buildActionMask = 2147483647;
			files = (
				F36A1F4A22AE32EB0047D3AD /* interfaceDemoTests.m in Sources */,
			);
			runOnlyForDeploymentPostprocessing = 0;
		};
		F36A1F4C22AE32EB0047D3AD /* Sources */ = {
			isa = PBXSourcesBuildPhase;
			buildActionMask = 2147483647;
			files = (
				F36A1F5522AE32EB0047D3AD /* interfaceDemoUITests.m in Sources */,
			);
			runOnlyForDeploymentPostprocessing = 0;
		};
/* End PBXSourcesBuildPhase section */

/* Begin PBXTargetDependency section */
		F36A1F4722AE32EB0047D3AD /* PBXTargetDependency */ = {
			isa = PBXTargetDependency;
			target = F36A1F2C22AE32EA0047D3AD /* interfaceDemo */;
			targetProxy = F36A1F4622AE32EB0047D3AD /* PBXContainerItemProxy */;
		};
		F36A1F5222AE32EB0047D3AD /* PBXTargetDependency */ = {
			isa = PBXTargetDependency;
			target = F36A1F2C22AE32EA0047D3AD /* interfaceDemo */;
			targetProxy = F36A1F5122AE32EB0047D3AD /* PBXContainerItemProxy */;
		};
/* End PBXTargetDependency section */

/* Begin PBXVariantGroup section */
		F36A1F3622AE32EA0047D3AD /* Main.storyboard */ = {
			isa = PBXVariantGroup;
			children = (
				F36A1F3722AE32EA0047D3AD /* Base */,
			);
			name = Main.storyboard;
			sourceTree = "<group>";
		};
		F36A1F3B22AE32EB0047D3AD /* LaunchScreen.storyboard */ = {
			isa = PBXVariantGroup;
			children = (
				F36A1F3C22AE32EB0047D3AD /* Base */,
			);
			name = LaunchScreen.storyboard;
			sourceTree = "<group>";
		};
/* End PBXVariantGroup section */

/* Begin XCBuildConfiguration section */
		F36A1F5722AE32EB0047D3AD /* Debug */ = {
			isa = XCBuildConfiguration;
			buildSettings = {
				ALWAYS_SEARCH_USER_PATHS = NO;
				CLANG_ANALYZER_NONNULL = YES;
				CLANG_ANALYZER_NUMBER_OBJECT_CONVERSION = YES_AGGRESSIVE;
				CLANG_CXX_LANGUAGE_STANDARD = "gnu++14";
				CLANG_CXX_LIBRARY = "libc++";
				CLANG_ENABLE_MODULES = YES;
				CLANG_ENABLE_OBJC_ARC = YES;
				CLANG_ENABLE_OBJC_WEAK = YES;
				CLANG_WARN_BLOCK_CAPTURE_AUTORELEASING = YES;
				CLANG_WARN_BOOL_CONVERSION = YES;
				CLANG_WARN_COMMA = YES;
				CLANG_WARN_CONSTANT_CONVERSION = YES;
				CLANG_WARN_DEPRECATED_OBJC_IMPLEMENTATIONS = YES;
				CLANG_WARN_DIRECT_OBJC_ISA_USAGE = YES_ERROR;
				CLANG_WARN_DOCUMENTATION_COMMENTS = YES;
				CLANG_WARN_EMPTY_BODY = YES;
				CLANG_WARN_ENUM_CONVERSION = YES;
				CLANG_WARN_INFINITE_RECURSION = YES;
				CLANG_WARN_INT_CONVERSION = YES;
				CLANG_WARN_NON_LITERAL_NULL_CONVERSION = YES;
				CLANG_WARN_OBJC_IMPLICIT_RETAIN_SELF = YES;
				CLANG_WARN_OBJC_LITERAL_CONVERSION = YES;
				CLANG_WARN_OBJC_ROOT_CLASS = YES_ERROR;
				CLANG_WARN_RANGE_LOOP_ANALYSIS = YES;
				CLANG_WARN_STRICT_PROTOTYPES = YES;
				CLANG_WARN_SUSPICIOUS_MOVE = YES;
				CLANG_WARN_UNGUARDED_AVAILABILITY = YES_AGGRESSIVE;
				CLANG_WARN_UNREACHABLE_CODE = YES;
				CLANG_WARN__DUPLICATE_METHOD_MATCH = YES;
				CODE_SIGN_IDENTITY = "iPhone Developer";
				COPY_PHASE_STRIP = NO;
				DEBUG_INFORMATION_FORMAT = dwarf;
				ENABLE_STRICT_OBJC_MSGSEND = YES;
				ENABLE_TESTABILITY = YES;
				GCC_C_LANGUAGE_STANDARD = gnu11;
				GCC_DYNAMIC_NO_PIC = NO;
				GCC_NO_COMMON_BLOCKS = YES;
				GCC_OPTIMIZATION_LEVEL = 0;
				GCC_PREPROCESSOR_DEFINITIONS = (
					"DEBUG=1",
					"$(inherited)",
				);
				GCC_WARN_64_TO_32_BIT_CONVERSION = YES;
				GCC_WARN_ABOUT_RETURN_TYPE = YES_ERROR;
				GCC_WARN_UNDECLARED_SELECTOR = YES;
				GCC_WARN_UNINITIALIZED_AUTOS = YES_AGGRESSIVE;
				GCC_WARN_UNUSED_FUNCTION = YES;
				GCC_WARN_UNUSED_VARIABLE = YES;
				IPHONEOS_DEPLOYMENT_TARGET = 12.1;
				MTL_ENABLE_DEBUG_INFO = INCLUDE_SOURCE;
				MTL_FAST_MATH = YES;
				ONLY_ACTIVE_ARCH = YES;
				SDKROOT = iphoneos;
			};
			name = Debug;
		};
		F36A1F5822AE32EB0047D3AD /* Release */ = {
			isa = XCBuildConfiguration;
			buildSettings = {
				ALWAYS_SEARCH_USER_PATHS = NO;
				CLANG_ANALYZER_NONNULL = YES;
				CLANG_ANALYZER_NUMBER_OBJECT_CONVERSION = YES_AGGRESSIVE;
				CLANG_CXX_LANGUAGE_STANDARD = "gnu++14";
				CLANG_CXX_LIBRARY = "libc++";
				CLANG_ENABLE_MODULES = YES;
				CLANG_ENABLE_OBJC_ARC = YES;
				CLANG_ENABLE_OBJC_WEAK = YES;
				CLANG_WARN_BLOCK_CAPTURE_AUTORELEASING = YES;
				CLANG_WARN_BOOL_CONVERSION = YES;
				CLANG_WARN_COMMA = YES;
				CLANG_WARN_CONSTANT_CONVERSION = YES;
				CLANG_WARN_DEPRECATED_OBJC_IMPLEMENTATIONS = YES;
				CLANG_WARN_DIRECT_OBJC_ISA_USAGE = YES_ERROR;
				CLANG_WARN_DOCUMENTATION_COMMENTS = YES;
				CLANG_WARN_EMPTY_BODY = YES;
				CLANG_WARN_ENUM_CONVERSION = YES;
				CLANG_WARN_INFINITE_RECURSION = YES;
				CLANG_WARN_INT_CONVERSION = YES;
				CLANG_WARN_NON_LITERAL_NULL_CONVERSION = YES;
				CLANG_WARN_OBJC_IMPLICIT_RETAIN_SELF = YES;
				CLANG_WARN_OBJC_LITERAL_CONVERSION = YES;
				CLANG_WARN_OBJC_ROOT_CLASS = YES_ERROR;
				CLANG_WARN_RANGE_LOOP_ANALYSIS = YES;
				CLANG_WARN_STRICT_PROTOTYPES = YES;
				CLANG_WARN_SUSPICIOUS_MOVE = YES;
				CLANG_WARN_UNGUARDED_AVAILABILITY = YES_AGGRESSIVE;
				CLANG_WARN_UNREACHABLE_CODE = YES;
				CLANG_WARN__DUPLICATE_METHOD_MATCH = YES;
				CODE_SIGN_IDENTITY = "iPhone Developer";
				COPY_PHASE_STRIP = NO;
				DEBUG_INFORMATION_FORMAT = "dwarf-with-dsym";
				ENABLE_NS_ASSERTIONS = NO;
				ENABLE_STRICT_OBJC_MSGSEND = YES;
				GCC_C_LANGUAGE_STANDARD = gnu11;
				GCC_NO_COMMON_BLOCKS = YES;
				GCC_WARN_64_TO_32_BIT_CONVERSION = YES;
				GCC_WARN_ABOUT_RETURN_TYPE = YES_ERROR;
				GCC_WARN_UNDECLARED_SELECTOR = YES;
				GCC_WARN_UNINITIALIZED_AUTOS = YES_AGGRESSIVE;
				GCC_WARN_UNUSED_FUNCTION = YES;
				GCC_WARN_UNUSED_VARIABLE = YES;
				IPHONEOS_DEPLOYMENT_TARGET = 12.1;
				MTL_ENABLE_DEBUG_INFO = NO;
				MTL_FAST_MATH = YES;
				SDKROOT = iphoneos;
				VALIDATE_PRODUCT = YES;
			};
			name = Release;
		};
		F36A1F5A22AE32EB0047D3AD /* Debug */ = {
			isa = XCBuildConfiguration;
			buildSettings = {
				ASSETCATALOG_COMPILER_APPICON_NAME = AppIcon;
				CODE_SIGN_STYLE = Automatic;
				INFOPLIST_FILE = interfaceDemo/Info.plist;
				LD_RUNPATH_SEARCH_PATHS = (
					"$(inherited)",
					"@executable_path/Frameworks",
				);
				PRODUCT_BUNDLE_IDENTIFIER = aa.interfaceDemo;
				PRODUCT_NAME = "$(TARGET_NAME)";
				TARGETED_DEVICE_FAMILY = "1,2";
			};
			name = Debug;
		};
		F36A1F5B22AE32EB0047D3AD /* Release */ = {
			isa = XCBuildConfiguration;
			buildSettings = {
				ASSETCATALOG_COMPILER_APPICON_NAME = AppIcon;
				CODE_SIGN_STYLE = Automatic;
				INFOPLIST_FILE = interfaceDemo/Info.plist;
				LD_RUNPATH_SEARCH_PATHS = (
					"$(inherited)",
					"@executable_path/Frameworks",
				);
				PRODUCT_BUNDLE_IDENTIFIER = aa.interfaceDemo;
				PRODUCT_NAME = "$(TARGET_NAME)";
				TARGETED_DEVICE_FAMILY = "1,2";
			};
			name = Release;
		};
		F36A1F5D22AE32EB0047D3AD /* Debug */ = {
			isa = XCBuildConfiguration;
			buildSettings = {
				BUNDLE_LOADER = "$(TEST_HOST)";
				CODE_SIGN_STYLE = Automatic;
				INFOPLIST_FILE = interfaceDemoTests/Info.plist;
				LD_RUNPATH_SEARCH_PATHS = (
					"$(inherited)",
					"@executable_path/Frameworks",
					"@loader_path/Frameworks",
				);
				PRODUCT_BUNDLE_IDENTIFIER = aa.interfaceDemoTests;
				PRODUCT_NAME = "$(TARGET_NAME)";
				TARGETED_DEVICE_FAMILY = "1,2";
				TEST_HOST = "$(BUILT_PRODUCTS_DIR)/interfaceDemo.app/interfaceDemo";
			};
			name = Debug;
		};
		F36A1F5E22AE32EB0047D3AD /* Release */ = {
			isa = XCBuildConfiguration;
			buildSettings = {
				BUNDLE_LOADER = "$(TEST_HOST)";
				CODE_SIGN_STYLE = Automatic;
				INFOPLIST_FILE = interfaceDemoTests/Info.plist;
				LD_RUNPATH_SEARCH_PATHS = (
					"$(inherited)",
					"@executable_path/Frameworks",
					"@loader_path/Frameworks",
				);
				PRODUCT_BUNDLE_IDENTIFIER = aa.interfaceDemoTests;
				PRODUCT_NAME = "$(TARGET_NAME)";
				TARGETED_DEVICE_FAMILY = "1,2";
				TEST_HOST = "$(BUILT_PRODUCTS_DIR)/interfaceDemo.app/interfaceDemo";
			};
			name = Release;
		};
		F36A1F6022AE32EB0047D3AD /* Debug */ = {
			isa = XCBuildConfiguration;
			buildSettings = {
				CODE_SIGN_STYLE = Automatic;
				INFOPLIST_FILE = interfaceDemoUITests/Info.plist;
				LD_RUNPATH_SEARCH_PATHS = (
					"$(inherited)",
					"@executable_path/Frameworks",
					"@loader_path/Frameworks",
				);
				PRODUCT_BUNDLE_IDENTIFIER = aa.interfaceDemoUITests;
				PRODUCT_NAME = "$(TARGET_NAME)";
				TARGETED_DEVICE_FAMILY = "1,2";
				TEST_TARGET_NAME = interfaceDemo;
			};
			name = Debug;
		};
		F36A1F6122AE32EB0047D3AD /* Release */ = {
			isa = XCBuildConfiguration;
			buildSettings = {
				CODE_SIGN_STYLE = Automatic;
				INFOPLIST_FILE = interfaceDemoUITests/Info.plist;
				LD_RUNPATH_SEARCH_PATHS = (
					"$(inherited)",
					"@executable_path/Frameworks",
					"@loader_path/Frameworks",
				);
				PRODUCT_BUNDLE_IDENTIFIER = aa.interfaceDemoUITests;
				PRODUCT_NAME = "$(TARGET_NAME)";
				TARGETED_DEVICE_FAMILY = "1,2";
				TEST_TARGET_NAME = interfaceDemo;
			};
			name = Release;
		};
/* End XCBuildConfiguration section */

/* Begin XCConfigurationList section */
		F36A1F2822AE32EA0047D3AD /* Build configuration list for PBXProject "interfaceDemo" */ = {
			isa = XCConfigurationList;
			buildConfigurations = (
				F36A1F5722AE32EB0047D3AD /* Debug */,
				F36A1F5822AE32EB0047D3AD /* Release */,
			);
			defaultConfigurationIsVisible = 0;
			defaultConfigurationName = Release;
		};
		F36A1F5922AE32EB0047D3AD /* Build configuration list for PBXNativeTarget "interfaceDemo" */ = {
			isa = XCConfigurationList;
			buildConfigurations = (
				F36A1F5A22AE32EB0047D3AD /* Debug */,
				F36A1F5B22AE32EB0047D3AD /* Release */,
			);
			defaultConfigurationIsVisible = 0;
			defaultConfigurationName = Release;
		};
		F36A1F5C22AE32EB0047D3AD /* Build configuration list for PBXNativeTarget "interfaceDemoTests" */ = {
			isa = XCConfigurationList;
			buildConfigurations = (
				F36A1F5D22AE32EB0047D3AD /* Debug */,
				F36A1F5E22AE32EB0047D3AD /* Release */,
			);
			defaultConfigurationIsVisible = 0;
			defaultConfigurationName = Release;
		};
		F36A1F5F22AE32EB0047D3AD /* Build configuration list for PBXNativeTarget "interfaceDemoUITests" */ = {
			isa = XCConfigurationList;
			buildConfigurations = (
				F36A1F6022AE32EB0047D3AD /* Debug */,
				F36A1F6122AE32EB0047D3AD /* Release */,
			);
			defaultConfigurationIsVisible = 0;
			defaultConfigurationName = Release;
		};
/* End XCConfigurationList section */
	};
	rootObject = F36A1F2522AE32EA0047D3AD /* Project object */;
}
